
Microsoft Visual Studio Solution File, Format Version 12.00
# Visual Studio 15
VisualStudioVersion = 15.0.27428.2015
MinimumVisualStudioVersion = 10.0.40219.1
Project("{FAE04EC0-301F-11D3-BF4B-00C04F79EFBC}") = "FToolsClient", "FToolsClient\FToolsClient.csproj", "{6132EF3D-AD5A-40BB-AEEA-E6D7461F55EF}"
EndProject
Project("{FAE04EC0-301F-11D3-BF4B-00C04F79EFBC}") = "FToolsServer", "FToolsServer\FToolsServer.csproj", "{29F41E2C-1B49-4AD6-903D-6C062562A3A4}"
EndProject
Project("{FAE04EC0-301F-11D3-BF4B-00C04F79EFBC}") = "FToolsShared", "FToolsShared\FToolsShared.csproj", "{1C66BBA7-E2FE-4D1F-AA6E-88D6BDF6118F}"
EndProject
Global
	GlobalSection(SolutionConfigurationPlatforms) = preSolution
		Debug|Any CPU = Debug|Any CPU
		Release|Any CPU = Release|Any CPU
	EndGlobalSection
	GlobalSection(ProjectConfigurationPlatforms) = postSolution
		{6132EF3D-AD5A-40BB-AEEA-E6D7461F55EF}.Debug|Any CPU.ActiveCfg = Debug|Any CPU
		{6132EF3D-AD5A-40BB-AEEA-E6D7461F55EF}.Debug|Any CPU.Build.0 = Debug|Any CPU
		{6132EF3D-AD5A-40BB-AEEA-E6D7461F55EF}.Release|Any CPU.ActiveCfg = Release|Any CPU
		{6132EF3D-AD5A-40BB-AEEA-E6D7461F55EF}.Release|Any CPU.Build.0 = Release|Any CPU
		{29F41E2C-1B49-4AD6-903D-6C062562A3A4}.Debug|Any CPU.ActiveCfg = Debug|Any CPU
		{29F41E2C-1B49-4AD6-903D-6C062562A3A4}.Debug|Any CPU.Build.0 = Debug|Any CPU
		{29F41E2C-1B49-4AD6-903D-6C062562A3A4}.Release|Any CPU.ActiveCfg = Release|Any CPU
		{29F41E2C-1B49-4AD6-903D-6C062562A3A4}.Release|Any CPU.Build.0 = Release|Any CPU
		{1C66BBA7-E2FE-4D1F-AA6E-88D6BDF6118F}.Debug|Any CPU.ActiveCfg = Debug|Any CPU
		{1C66BBA7-E2FE-4D1F-AA6E-88D6BDF6118F}.Debug|Any CPU.Build.0 = Debug|Any CPU
		{1C66BBA7-E2FE-4D1F-AA6E-88D6BDF6118F}.Release|Any CPU.ActiveCfg = Release|Any CPU
		{1C66BBA7-E2FE-4D1F-AA6E-88D6BDF6118F}.Release|Any CPU.Build.0 = Release|Any CPU
	EndGlobalSection
	GlobalSection(SolutionProperties) = preSolution
		HideSolutionNode = FALSE
	EndGlobalSection
	GlobalSection(ExtensibilityGlobals) = postSolution
		SolutionGuid = {9965CF58-0FE5-4493-B8A9-82648286BCA0}
	EndGlobalSection
EndGlobal
